// !$*UTF8*$!
{
	archiveVersion = 1;
	classes = {
	};
	objectVersion = 50;
	objects = {

/* Begin PBXBuildFile section */
		CD01D18423682B48002D5250 /* res.bundle in Resources */ = {isa = PBXBuildFile; fileRef = CD01D18323682B48002D5250 /* res.bundle */; };
		CD01D19623683F83002D5250 /* EDJOrderDatasource.m in Sources */ = {isa = PBXBuildFile; fileRef = CD01D18B23683F83002D5250 /* EDJOrderDatasource.m */; };
		CD01D19723683F83002D5250 /* EDJOrderViewCell.m in Sources */ = {isa = PBXBuildFile; fileRef = CD01D18D23683F83002D5250 /* EDJOrderViewCell.m */; };
		CD01D19823683F83002D5250 /* EDJLayout.m in Sources */ = {isa = PBXBuildFile; fileRef = CD01D19323683F83002D5250 /* EDJLayout.m */; };
		CD01D19923683F83002D5250 /* EDJLayoutItem.m in Sources */ = {isa = PBXBuildFile; fileRef = CD01D19423683F83002D5250 /* EDJLayoutItem.m */; };
		CD01D19A23683F83002D5250 /* EDJLayoutItems.m in Sources */ = {isa = PBXBuildFile; fileRef = CD01D19523683F83002D5250 /* EDJLayoutItems.m */; };
		CD07A81F22D4912700E0DEB4 /* JSApplication.js in Resources */ = {isa = PBXBuildFile; fileRef = CD07A81E22D4912700E0DEB4 /* JSApplication.js */; };
		CD07A82522D491D200E0DEB4 /* DeJavaScriptCore.m in Sources */ = {isa = PBXBuildFile; fileRef = CD07A82422D491D200E0DEB4 /* DeJavaScriptCore.m */; };
		CD07A84D22D5DEB900E0DEB4 /* JSValue+DeJSCore.m in Sources */ = {isa = PBXBuildFile; fileRef = CD07A84C22D5DEB900E0DEB4 /* JSValue+DeJSCore.m */; };
		CD16A124228BDB71009C5FA6 /* EDJOrderView.m in Sources */ = {isa = PBXBuildFile; fileRef = CD16A123228BDB71009C5FA6 /* EDJOrderView.m */; };
		CD2F1179235995C1001C602A /* EDJTouchView.m in Sources */ = {isa = PBXBuildFile; fileRef = CD2F1178235995C1001C602A /* EDJTouchView.m */; };
		CD2F117E235996F8001C602A /* EDJOrderContainer.m in Sources */ = {isa = PBXBuildFile; fileRef = CD2F117D235996F8001C602A /* EDJOrderContainer.m */; };
		CD2F118123599713001C602A /* EDJOrderContentView.m in Sources */ = {isa = PBXBuildFile; fileRef = CD2F118023599713001C602A /* EDJOrderContentView.m */; };
		CD4D1A1A22B9FEFB003A89CA /* UIControl+DeReact.m in Sources */ = {isa = PBXBuildFile; fileRef = CD4D1A1922B9FEFB003A89CA /* UIControl+DeReact.m */; };
		CD4D1A1E22BA021D003A89CA /* TextFiledViewController.m in Sources */ = {isa = PBXBuildFile; fileRef = CD4D1A1D22BA021D003A89CA /* TextFiledViewController.m */; };
		CD4EA9B822A761990052FD9A /* Debugger.framework in Frameworks */ = {isa = PBXBuildFile; fileRef = CD4EA9B522A7612B0052FD9A /* Debugger.framework */; };
		CD6232292359983300B569F9 /* OrderViewController.m in Sources */ = {isa = PBXBuildFile; fileRef = CD6232282359983300B569F9 /* OrderViewController.m */; };
		CD62322F2359A8DC00B569F9 /* EDJOrderListView.m in Sources */ = {isa = PBXBuildFile; fileRef = CD62322E2359A8DC00B569F9 /* EDJOrderListView.m */; };
		CD6232322359A92B00B569F9 /* EDJOrderListContentView.m in Sources */ = {isa = PBXBuildFile; fileRef = CD6232312359A92A00B569F9 /* EDJOrderListContentView.m */; };
		CD6282B922D868C500EC608F /* DeAppWindow.m in Sources */ = {isa = PBXBuildFile; fileRef = CD6282B822D868C500EC608F /* DeAppWindow.m */; };
		CD6282BE22D88F7D00EC608F /* JSContext+DeJSCore.m in Sources */ = {isa = PBXBuildFile; fileRef = CD6282BD22D88F7D00EC608F /* JSContext+DeJSCore.m */; };
		CD6282C422D89BEB00EC608F /* DeLogger.m in Sources */ = {isa = PBXBuildFile; fileRef = CD6282C322D89BEB00EC608F /* DeLogger.m */; };
		CD791EA22368498400EB8908 /* EDJCollectionDatasource.m in Sources */ = {isa = PBXBuildFile; fileRef = CD791EA12368498400EB8908 /* EDJCollectionDatasource.m */; };
		CD791EA523695A0000EB8908 /* EDJOrderItem.m in Sources */ = {isa = PBXBuildFile; fileRef = CD791EA423695A0000EB8908 /* EDJOrderItem.m */; };
		CD791EAA2369910600EB8908 /* EDJBusinessView.m in Sources */ = {isa = PBXBuildFile; fileRef = CD791EA92369910600EB8908 /* EDJBusinessView.m */; };
		CD791EB02369935600EB8908 /* NSObject+EDJTransformable.m in Sources */ = {isa = PBXBuildFile; fileRef = CD791EAF2369935600EB8908 /* NSObject+EDJTransformable.m */; };
		CD791EB32369936000EB8908 /* NSArray+GenericMath.m in Sources */ = {isa = PBXBuildFile; fileRef = CD791EB22369936000EB8908 /* NSArray+GenericMath.m */; };
		CD791EB823699A4A00EB8908 /* NSBundle+File.m in Sources */ = {isa = PBXBuildFile; fileRef = CD791EB723699A4A00EB8908 /* NSBundle+File.m */; };
		CD791EBB23699B9200EB8908 /* NSData+Bundle.m in Sources */ = {isa = PBXBuildFile; fileRef = CD791EBA23699B9200EB8908 /* NSData+Bundle.m */; };
		CD7CB816235D687500ED29AD /* EDJOrderLayout.m in Sources */ = {isa = PBXBuildFile; fileRef = CD7CB815235D687500ED29AD /* EDJOrderLayout.m */; };
		CD7CB82C235D9C7800ED29AD /* EDJToastTipsView.m in Sources */ = {isa = PBXBuildFile; fileRef = CD7CB827235D9C7700ED29AD /* EDJToastTipsView.m */; };
		CD7CB82D235D9C7800ED29AD /* EDJToastTitleView.m in Sources */ = {isa = PBXBuildFile; fileRef = CD7CB82A235D9C7800ED29AD /* EDJToastTitleView.m */; };
		CD7CB82E235D9C7800ED29AD /* EDJToastContentView.m in Sources */ = {isa = PBXBuildFile; fileRef = CD7CB82B235D9C7800ED29AD /* EDJToastContentView.m */; };
		CD7E46372283FDFD00AC2784 /* test.xml in Resources */ = {isa = PBXBuildFile; fileRef = CD7E46362283FDFD00AC2784 /* test.xml */; };
		CD96099722153E1B00FED70A /* CoreGraphics.framework in Frameworks */ = {isa = PBXBuildFile; fileRef = CD96099622153E1B00FED70A /* CoreGraphics.framework */; };
		CD96099922153E4000FED70A /* Foundation.framework in Frameworks */ = {isa = PBXBuildFile; fileRef = CD96099822153E4000FED70A /* Foundation.framework */; };
		CD96099B22153E4500FED70A /* UIKit.framework in Frameworks */ = {isa = PBXBuildFile; fileRef = CD96099A22153E4500FED70A /* UIKit.framework */; };
		CDBD4D2522BA297000DF1911 /* UIView+DeFrame.m in Sources */ = {isa = PBXBuildFile; fileRef = CDBD4D2422BA297000DF1911 /* UIView+DeFrame.m */; };
		CDD45BC8221FC3A2001B5ECB /* WebKit.framework in Frameworks */ = {isa = PBXBuildFile; fileRef = CDD45BC7221FC3A2001B5ECB /* WebKit.framework */; };
		CDD5FCAA21E0644700D72368 /* AppDelegate.m in Sources */ = {isa = PBXBuildFile; fileRef = CDD5FCA921E0644700D72368 /* AppDelegate.m */; };
		CDD5FCAD21E0644700D72368 /* ViewController.m in Sources */ = {isa = PBXBuildFile; fileRef = CDD5FCAC21E0644700D72368 /* ViewController.m */; };
		CDD5FCB021E0644700D72368 /* Main.storyboard in Resources */ = {isa = PBXBuildFile; fileRef = CDD5FCAE21E0644700D72368 /* Main.storyboard */; };
		CDD5FCB221E0644900D72368 /* Assets.xcassets in Resources */ = {isa = PBXBuildFile; fileRef = CDD5FCB121E0644900D72368 /* Assets.xcassets */; };
		CDD5FCB521E0644900D72368 /* LaunchScreen.storyboard in Resources */ = {isa = PBXBuildFile; fileRef = CDD5FCB321E0644900D72368 /* LaunchScreen.storyboard */; };
		CDD5FCB821E0644900D72368 /* main.m in Sources */ = {isa = PBXBuildFile; fileRef = CDD5FCB721E0644900D72368 /* main.m */; };
		CDD5FCC221E0644A00D72368 /* DemoTests.m in Sources */ = {isa = PBXBuildFile; fileRef = CDD5FCC121E0644A00D72368 /* DemoTests.m */; };
		CDD5FCCD21E0644A00D72368 /* DemoUITests.m in Sources */ = {isa = PBXBuildFile; fileRef = CDD5FCCC21E0644A00D72368 /* DemoUITests.m */; };
		CDE13992236C03D00057F78E /* EDJSingleListDatasource.m in Sources */ = {isa = PBXBuildFile; fileRef = CDE13991236C03D00057F78E /* EDJSingleListDatasource.m */; };
		CDE13997236C05AC0057F78E /* EDJTableListView.m in Sources */ = {isa = PBXBuildFile; fileRef = CDE13996236C05AC0057F78E /* EDJTableListView.m */; };
		CDE1399B236C070B0057F78E /* EDJListViewCell.m in Sources */ = {isa = PBXBuildFile; fileRef = CDE1399A236C070B0057F78E /* EDJListViewCell.m */; };
		CDE1399E236C07F90057F78E /* EDJListObject.m in Sources */ = {isa = PBXBuildFile; fileRef = CDE1399D236C07F90057F78E /* EDJListObject.m */; };
		CDE139AA236C15A90057F78E /* EDJListObjects.m in Sources */ = {isa = PBXBuildFile; fileRef = CDE139A9236C15A90057F78E /* EDJListObjects.m */; };
		CDE139AD236C16BE0057F78E /* EDJListHeaderFooterObject.m in Sources */ = {isa = PBXBuildFile; fileRef = CDE139AC236C16BE0057F78E /* EDJListHeaderFooterObject.m */; };
		CDE139B0236C17210057F78E /* EDJListHeaderFooterView.m in Sources */ = {isa = PBXBuildFile; fileRef = CDE139AF236C17210057F78E /* EDJListHeaderFooterView.m */; };
		CDE139B3236C18EE0057F78E /* EDJMultiListDatasource.m in Sources */ = {isa = PBXBuildFile; fileRef = CDE139B2236C18EE0057F78E /* EDJMultiListDatasource.m */; };
		CDE88FB622B76089002BC71E /* UIApplication+NetComponents.m in Sources */ = {isa = PBXBuildFile; fileRef = CDE88FB522B76089002BC71E /* UIApplication+NetComponents.m */; };
/* End PBXBuildFile section */

/* Begin PBXContainerItemProxy section */
		CD4EA9B422A7612B0052FD9A /* PBXContainerItemProxy */ = {
			isa = PBXContainerItemProxy;
			containerPortal = CD4EA9AF22A7612B0052FD9A /* Debugger.xcodeproj */;
			proxyType = 2;
			remoteGlobalIDString = CD4EA99522A7610A0052FD9A;
			remoteInfo = Debugger;
		};
		CD4EA9B622A7612B0052FD9A /* PBXContainerItemProxy */ = {
			isa = PBXContainerItemProxy;
			containerPortal = CD4EA9AF22A7612B0052FD9A /* Debugger.xcodeproj */;
			proxyType = 2;
			remoteGlobalIDString = CD4EA99E22A7610A0052FD9A;
			remoteInfo = DebuggerTests;
		};
		CDD5FCBE21E0644A00D72368 /* PBXContainerItemProxy */ = {
			isa = PBXContainerItemProxy;
			containerPortal = CDD5FC9D21E0644700D72368 /* Project object */;
			proxyType = 1;
			remoteGlobalIDString = CDD5FCA421E0644700D72368;
			remoteInfo = Demo;
		};
		CDD5FCC921E0644A00D72368 /* PBXContainerItemProxy */ = {
			isa = PBXContainerItemProxy;
			containerPortal = CDD5FC9D21E0644700D72368 /* Project object */;
			proxyType = 1;
			remoteGlobalIDString = CDD5FCA421E0644700D72368;
			remoteInfo = Demo;
		};
/* End PBXContainerItemProxy section */

/* Begin PBXFileReference section */
		CD01D18323682B48002D5250 /* res.bundle */ = {isa = PBXFileReference; lastKnownFileType = "wrapper.plug-in"; path = res.bundle; sourceTree = "<group>"; };
		CD01D18A23683F83002D5250 /* EDJOrderDatasource.h */ = {isa = PBXFileReference; fileEncoding = 4; lastKnownFileType = sourcecode.c.h; path = EDJOrderDatasource.h; sourceTree = "<group>"; };
		CD01D18B23683F83002D5250 /* EDJOrderDatasource.m */ = {isa = PBXFileReference; fileEncoding = 4; lastKnownFileType = sourcecode.c.objc; path = EDJOrderDatasource.m; sourceTree = "<group>"; };
		CD01D18D23683F83002D5250 /* EDJOrderViewCell.m */ = {isa = PBXFileReference; fileEncoding = 4; lastKnownFileType = sourcecode.c.objc; path = EDJOrderViewCell.m; sourceTree = "<group>"; };
		CD01D18E23683F83002D5250 /* EDJOrderViewCell.h */ = {isa = PBXFileReference; fileEncoding = 4; lastKnownFileType = sourcecode.c.h; path = EDJOrderViewCell.h; sourceTree = "<group>"; };
		CD01D19023683F83002D5250 /* EDJLayoutItem.h */ = {isa = PBXFileReference; fileEncoding = 4; lastKnownFileType = sourcecode.c.h; path = EDJLayoutItem.h; sourceTree = "<group>"; };
		CD01D19123683F83002D5250 /* EDJLayout.h */ = {isa = PBXFileReference; fileEncoding = 4; lastKnownFileType = sourcecode.c.h; path = EDJLayout.h; sourceTree = "<group>"; };
		CD01D19223683F83002D5250 /* EDJLayoutItems.h */ = {isa = PBXFileReference; fileEncoding = 4; lastKnownFileType = sourcecode.c.h; path = EDJLayoutItems.h; sourceTree = "<group>"; };
		CD01D19323683F83002D5250 /* EDJLayout.m */ = {isa = PBXFileReference; fileEncoding = 4; lastKnownFileType = sourcecode.c.objc; path = EDJLayout.m; sourceTree = "<group>"; };
		CD01D19423683F83002D5250 /* EDJLayoutItem.m */ = {isa = PBXFileReference; fileEncoding = 4; lastKnownFileType = sourcecode.c.objc; path = EDJLayoutItem.m; sourceTree = "<group>"; };
		CD01D19523683F83002D5250 /* EDJLayoutItems.m */ = {isa = PBXFileReference; fileEncoding = 4; lastKnownFileType = sourcecode.c.objc; path = EDJLayoutItems.m; sourceTree = "<group>"; };
		CD07A81E22D4912700E0DEB4 /* JSApplication.js */ = {isa = PBXFileReference; lastKnownFileType = sourcecode.javascript; path = JSApplication.js; sourceTree = "<group>"; };
		CD07A82322D491D200E0DEB4 /* DeJavaScriptCore.h */ = {isa = PBXFileReference; lastKnownFileType = sourcecode.c.h; path = DeJavaScriptCore.h; sourceTree = "<group>"; };
		CD07A82422D491D200E0DEB4 /* DeJavaScriptCore.m */ = {isa = PBXFileReference; lastKnownFileType = sourcecode.c.objc; path = DeJavaScriptCore.m; sourceTree = "<group>"; };
		CD07A84B22D5DEB900E0DEB4 /* JSValue+DeJSCore.h */ = {isa = PBXFileReference; lastKnownFileType = sourcecode.c.h; path = "JSValue+DeJSCore.h"; sourceTree = "<group>"; };
		CD07A84C22D5DEB900E0DEB4 /* JSValue+DeJSCore.m */ = {isa = PBXFileReference; lastKnownFileType = sourcecode.c.objc; path = "JSValue+DeJSCore.m"; sourceTree = "<group>"; };
		CD16A122228BDB71009C5FA6 /* EDJOrderView.h */ = {isa = PBXFileReference; lastKnownFileType = sourcecode.c.h; path = EDJOrderView.h; sourceTree = "<group>"; };
		CD16A123228BDB71009C5FA6 /* EDJOrderView.m */ = {isa = PBXFileReference; lastKnownFileType = sourcecode.c.objc; path = EDJOrderView.m; sourceTree = "<group>"; };
		CD2F1177235995C1001C602A /* EDJTouchView.h */ = {isa = PBXFileReference; lastKnownFileType = sourcecode.c.h; path = EDJTouchView.h; sourceTree = "<group>"; };
		CD2F1178235995C1001C602A /* EDJTouchView.m */ = {isa = PBXFileReference; lastKnownFileType = sourcecode.c.objc; path = EDJTouchView.m; sourceTree = "<group>"; };
		CD2F117C235996F8001C602A /* EDJOrderContainer.h */ = {isa = PBXFileReference; lastKnownFileType = sourcecode.c.h; path = EDJOrderContainer.h; sourceTree = "<group>"; };
		CD2F117D235996F8001C602A /* EDJOrderContainer.m */ = {isa = PBXFileReference; lastKnownFileType = sourcecode.c.objc; path = EDJOrderContainer.m; sourceTree = "<group>"; };
		CD2F117F23599713001C602A /* EDJOrderContentView.h */ = {isa = PBXFileReference; lastKnownFileType = sourcecode.c.h; path = EDJOrderContentView.h; sourceTree = "<group>"; };
		CD2F118023599713001C602A /* EDJOrderContentView.m */ = {isa = PBXFileReference; lastKnownFileType = sourcecode.c.objc; path = EDJOrderContentView.m; sourceTree = "<group>"; };
		CD4D1A1822B9FEFB003A89CA /* UIControl+DeReact.h */ = {isa = PBXFileReference; lastKnownFileType = sourcecode.c.h; path = "UIControl+DeReact.h"; sourceTree = "<group>"; };
		CD4D1A1922B9FEFB003A89CA /* UIControl+DeReact.m */ = {isa = PBXFileReference; lastKnownFileType = sourcecode.c.objc; path = "UIControl+DeReact.m"; sourceTree = "<group>"; };
		CD4D1A1C22BA021D003A89CA /* TextFiledViewController.h */ = {isa = PBXFileReference; lastKnownFileType = sourcecode.c.h; path = TextFiledViewController.h; sourceTree = "<group>"; };
		CD4D1A1D22BA021D003A89CA /* TextFiledViewController.m */ = {isa = PBXFileReference; lastKnownFileType = sourcecode.c.objc; path = TextFiledViewController.m; sourceTree = "<group>"; };
		CD4EA9AF22A7612B0052FD9A /* Debugger.xcodeproj */ = {isa = PBXFileReference; lastKnownFileType = "wrapper.pb-project"; name = Debugger.xcodeproj; path = Debugger/Debugger.xcodeproj; sourceTree = SOURCE_ROOT; };
		CD6232272359983300B569F9 /* OrderViewController.h */ = {isa = PBXFileReference; lastKnownFileType = sourcecode.c.h; path = OrderViewController.h; sourceTree = "<group>"; };
		CD6232282359983300B569F9 /* OrderViewController.m */ = {isa = PBXFileReference; lastKnownFileType = sourcecode.c.objc; path = OrderViewController.m; sourceTree = "<group>"; };
		CD62322D2359A8DC00B569F9 /* EDJOrderListView.h */ = {isa = PBXFileReference; lastKnownFileType = sourcecode.c.h; path = EDJOrderListView.h; sourceTree = "<group>"; };
		CD62322E2359A8DC00B569F9 /* EDJOrderListView.m */ = {isa = PBXFileReference; lastKnownFileType = sourcecode.c.objc; path = EDJOrderListView.m; sourceTree = "<group>"; };
		CD6232302359A92A00B569F9 /* EDJOrderListContentView.h */ = {isa = PBXFileReference; lastKnownFileType = sourcecode.c.h; path = EDJOrderListContentView.h; sourceTree = "<group>"; };
		CD6232312359A92A00B569F9 /* EDJOrderListContentView.m */ = {isa = PBXFileReference; lastKnownFileType = sourcecode.c.objc; path = EDJOrderListContentView.m; sourceTree = "<group>"; };
		CD6282B722D868C500EC608F /* DeAppWindow.h */ = {isa = PBXFileReference; lastKnownFileType = sourcecode.c.h; path = DeAppWindow.h; sourceTree = "<group>"; };
		CD6282B822D868C500EC608F /* DeAppWindow.m */ = {isa = PBXFileReference; lastKnownFileType = sourcecode.c.objc; path = DeAppWindow.m; sourceTree = "<group>"; };
		CD6282BC22D88F7D00EC608F /* JSContext+DeJSCore.h */ = {isa = PBXFileReference; lastKnownFileType = sourcecode.c.h; path = "JSContext+DeJSCore.h"; sourceTree = "<group>"; };
		CD6282BD22D88F7D00EC608F /* JSContext+DeJSCore.m */ = {isa = PBXFileReference; lastKnownFileType = sourcecode.c.objc; path = "JSContext+DeJSCore.m"; sourceTree = "<group>"; };
		CD6282C222D89BEB00EC608F /* DeLogger.h */ = {isa = PBXFileReference; lastKnownFileType = sourcecode.c.h; path = DeLogger.h; sourceTree = "<group>"; };
		CD6282C322D89BEB00EC608F /* DeLogger.m */ = {isa = PBXFileReference; lastKnownFileType = sourcecode.c.objc; path = DeLogger.m; sourceTree = "<group>"; };
		CD791EA02368498400EB8908 /* EDJCollectionDatasource.h */ = {isa = PBXFileReference; lastKnownFileType = sourcecode.c.h; path = EDJCollectionDatasource.h; sourceTree = "<group>"; };
		CD791EA12368498400EB8908 /* EDJCollectionDatasource.m */ = {isa = PBXFileReference; lastKnownFileType = sourcecode.c.objc; path = EDJCollectionDatasource.m; sourceTree = "<group>"; };
		CD791EA323695A0000EB8908 /* EDJOrderItem.h */ = {isa = PBXFileReference; lastKnownFileType = sourcecode.c.h; path = EDJOrderItem.h; sourceTree = "<group>"; };
		CD791EA423695A0000EB8908 /* EDJOrderItem.m */ = {isa = PBXFileReference; lastKnownFileType = sourcecode.c.objc; path = EDJOrderItem.m; sourceTree = "<group>"; };
		CD791EA82369910600EB8908 /* EDJBusinessView.h */ = {isa = PBXFileReference; lastKnownFileType = sourcecode.c.h; path = EDJBusinessView.h; sourceTree = "<group>"; };
		CD791EA92369910600EB8908 /* EDJBusinessView.m */ = {isa = PBXFileReference; lastKnownFileType = sourcecode.c.objc; path = EDJBusinessView.m; sourceTree = "<group>"; };
		CD791EAE2369935600EB8908 /* NSObject+EDJTransformable.h */ = {isa = PBXFileReference; lastKnownFileType = sourcecode.c.h; path = "NSObject+EDJTransformable.h"; sourceTree = "<group>"; };
		CD791EAF2369935600EB8908 /* NSObject+EDJTransformable.m */ = {isa = PBXFileReference; lastKnownFileType = sourcecode.c.objc; path = "NSObject+EDJTransformable.m"; sourceTree = "<group>"; };
		CD791EB12369936000EB8908 /* NSArray+GenericMath.h */ = {isa = PBXFileReference; lastKnownFileType = sourcecode.c.h; path = "NSArray+GenericMath.h"; sourceTree = "<group>"; };
		CD791EB22369936000EB8908 /* NSArray+GenericMath.m */ = {isa = PBXFileReference; lastKnownFileType = sourcecode.c.objc; path = "NSArray+GenericMath.m"; sourceTree = "<group>"; };
		CD791EB623699A4A00EB8908 /* NSBundle+File.h */ = {isa = PBXFileReference; lastKnownFileType = sourcecode.c.h; path = "NSBundle+File.h"; sourceTree = "<group>"; };
		CD791EB723699A4A00EB8908 /* NSBundle+File.m */ = {isa = PBXFileReference; lastKnownFileType = sourcecode.c.objc; path = "NSBundle+File.m"; sourceTree = "<group>"; };
		CD791EB923699B9200EB8908 /* NSData+Bundle.h */ = {isa = PBXFileReference; lastKnownFileType = sourcecode.c.h; path = "NSData+Bundle.h"; sourceTree = "<group>"; };
		CD791EBA23699B9200EB8908 /* NSData+Bundle.m */ = {isa = PBXFileReference; lastKnownFileType = sourcecode.c.objc; path = "NSData+Bundle.m"; sourceTree = "<group>"; };
		CD7CB814235D687500ED29AD /* EDJOrderLayout.h */ = {isa = PBXFileReference; lastKnownFileType = sourcecode.c.h; path = EDJOrderLayout.h; sourceTree = "<group>"; };
		CD7CB815235D687500ED29AD /* EDJOrderLayout.m */ = {isa = PBXFileReference; lastKnownFileType = sourcecode.c.objc; path = EDJOrderLayout.m; sourceTree = "<group>"; };
		CD7CB826235D9C7700ED29AD /* EDJToastTipsView.h */ = {isa = PBXFileReference; fileEncoding = 4; lastKnownFileType = sourcecode.c.h; path = EDJToastTipsView.h; sourceTree = "<group>"; };
		CD7CB827235D9C7700ED29AD /* EDJToastTipsView.m */ = {isa = PBXFileReference; fileEncoding = 4; lastKnownFileType = sourcecode.c.objc; path = EDJToastTipsView.m; sourceTree = "<group>"; };
		CD7CB828235D9C7700ED29AD /* EDJToastContentView.h */ = {isa = PBXFileReference; fileEncoding = 4; lastKnownFileType = sourcecode.c.h; path = EDJToastContentView.h; sourceTree = "<group>"; };
		CD7CB829235D9C7800ED29AD /* EDJToastTitleView.h */ = {isa = PBXFileReference; fileEncoding = 4; lastKnownFileType = sourcecode.c.h; path = EDJToastTitleView.h; sourceTree = "<group>"; };
		CD7CB82A235D9C7800ED29AD /* EDJToastTitleView.m */ = {isa = PBXFileReference; fileEncoding = 4; lastKnownFileType = sourcecode.c.objc; path = EDJToastTitleView.m; sourceTree = "<group>"; };
		CD7CB82B235D9C7800ED29AD /* EDJToastContentView.m */ = {isa = PBXFileReference; fileEncoding = 4; lastKnownFileType = sourcecode.c.objc; path = EDJToastContentView.m; sourceTree = "<group>"; };
		CD7E46362283FDFD00AC2784 /* test.xml */ = {isa = PBXFileReference; lastKnownFileType = text.xml; path = test.xml; sourceTree = "<group>"; };
		CD96099622153E1B00FED70A /* CoreGraphics.framework */ = {isa = PBXFileReference; lastKnownFileType = wrapper.framework; name = CoreGraphics.framework; path = System/Library/Frameworks/CoreGraphics.framework; sourceTree = SDKROOT; };
		CD96099822153E4000FED70A /* Foundation.framework */ = {isa = PBXFileReference; lastKnownFileType = wrapper.framework; name = Foundation.framework; path = System/Library/Frameworks/Foundation.framework; sourceTree = SDKROOT; };
		CD96099A22153E4500FED70A /* UIKit.framework */ = {isa = PBXFileReference; lastKnownFileType = wrapper.framework; name = UIKit.framework; path = System/Library/Frameworks/UIKit.framework; sourceTree = SDKROOT; };
		CDBD4D2322BA297000DF1911 /* UIView+DeFrame.h */ = {isa = PBXFileReference; lastKnownFileType = sourcecode.c.h; path = "UIView+DeFrame.h"; sourceTree = "<group>"; };
		CDBD4D2422BA297000DF1911 /* UIView+DeFrame.m */ = {isa = PBXFileReference; lastKnownFileType = sourcecode.c.objc; path = "UIView+DeFrame.m"; sourceTree = "<group>"; };
		CDBD4D2622BA2C4000DF1911 /* PrefixHeader.pch */ = {isa = PBXFileReference; lastKnownFileType = sourcecode.c.h; path = PrefixHeader.pch; sourceTree = "<group>"; };
		CDD45BC7221FC3A2001B5ECB /* WebKit.framework */ = {isa = PBXFileReference; lastKnownFileType = wrapper.framework; name = WebKit.framework; path = System/Library/Frameworks/WebKit.framework; sourceTree = SDKROOT; };
		CDD5FCA521E0644700D72368 /* Demo.app */ = {isa = PBXFileReference; explicitFileType = wrapper.application; includeInIndex = 0; path = Demo.app; sourceTree = BUILT_PRODUCTS_DIR; };
		CDD5FCA821E0644700D72368 /* AppDelegate.h */ = {isa = PBXFileReference; lastKnownFileType = sourcecode.c.h; path = AppDelegate.h; sourceTree = "<group>"; };
		CDD5FCA921E0644700D72368 /* AppDelegate.m */ = {isa = PBXFileReference; lastKnownFileType = sourcecode.c.objc; path = AppDelegate.m; sourceTree = "<group>"; };
		CDD5FCAB21E0644700D72368 /* ViewController.h */ = {isa = PBXFileReference; lastKnownFileType = sourcecode.c.h; path = ViewController.h; sourceTree = "<group>"; };
		CDD5FCAC21E0644700D72368 /* ViewController.m */ = {isa = PBXFileReference; lastKnownFileType = sourcecode.c.objc; path = ViewController.m; sourceTree = "<group>"; };
		CDD5FCAF21E0644700D72368 /* Base */ = {isa = PBXFileReference; lastKnownFileType = file.storyboard; name = Base; path = Base.lproj/Main.storyboard; sourceTree = "<group>"; };
		CDD5FCB121E0644900D72368 /* Assets.xcassets */ = {isa = PBXFileReference; lastKnownFileType = folder.assetcatalog; path = Assets.xcassets; sourceTree = "<group>"; };
		CDD5FCB421E0644900D72368 /* Base */ = {isa = PBXFileReference; lastKnownFileType = file.storyboard; name = Base; path = Base.lproj/LaunchScreen.storyboard; sourceTree = "<group>"; };
		CDD5FCB621E0644900D72368 /* Info.plist */ = {isa = PBXFileReference; lastKnownFileType = text.plist.xml; path = Info.plist; sourceTree = "<group>"; };
		CDD5FCB721E0644900D72368 /* main.m */ = {isa = PBXFileReference; lastKnownFileType = sourcecode.c.objc; path = main.m; sourceTree = "<group>"; };
		CDD5FCBD21E0644A00D72368 /* DemoTests.xctest */ = {isa = PBXFileReference; explicitFileType = wrapper.cfbundle; includeInIndex = 0; path = DemoTests.xctest; sourceTree = BUILT_PRODUCTS_DIR; };
		CDD5FCC121E0644A00D72368 /* DemoTests.m */ = {isa = PBXFileReference; lastKnownFileType = sourcecode.c.objc; path = DemoTests.m; sourceTree = "<group>"; };
		CDD5FCC321E0644A00D72368 /* Info.plist */ = {isa = PBXFileReference; lastKnownFileType = text.plist.xml; path = Info.plist; sourceTree = "<group>"; };
		CDD5FCC821E0644A00D72368 /* DemoUITests.xctest */ = {isa = PBXFileReference; explicitFileType = wrapper.cfbundle; includeInIndex = 0; path = DemoUITests.xctest; sourceTree = BUILT_PRODUCTS_DIR; };
		CDD5FCCC21E0644A00D72368 /* DemoUITests.m */ = {isa = PBXFileReference; lastKnownFileType = sourcecode.c.objc; path = DemoUITests.m; sourceTree = "<group>"; };
		CDD5FCCE21E0644A00D72368 /* Info.plist */ = {isa = PBXFileReference; lastKnownFileType = text.plist.xml; path = Info.plist; sourceTree = "<group>"; };
		CDE13990236C03D00057F78E /* EDJSingleListDatasource.h */ = {isa = PBXFileReference; lastKnownFileType = sourcecode.c.h; path = EDJSingleListDatasource.h; sourceTree = "<group>"; };
		CDE13991236C03D00057F78E /* EDJSingleListDatasource.m */ = {isa = PBXFileReference; lastKnownFileType = sourcecode.c.objc; path = EDJSingleListDatasource.m; sourceTree = "<group>"; };
		CDE13995236C05AC0057F78E /* EDJTableListView.h */ = {isa = PBXFileReference; lastKnownFileType = sourcecode.c.h; path = EDJTableListView.h; sourceTree = "<group>"; };
		CDE13996236C05AC0057F78E /* EDJTableListView.m */ = {isa = PBXFileReference; lastKnownFileType = sourcecode.c.objc; path = EDJTableListView.m; sourceTree = "<group>"; };
		CDE13999236C070B0057F78E /* EDJListViewCell.h */ = {isa = PBXFileReference; lastKnownFileType = sourcecode.c.h; path = EDJListViewCell.h; sourceTree = "<group>"; };
		CDE1399A236C070B0057F78E /* EDJListViewCell.m */ = {isa = PBXFileReference; lastKnownFileType = sourcecode.c.objc; path = EDJListViewCell.m; sourceTree = "<group>"; };
		CDE1399C236C07F90057F78E /* EDJListObject.h */ = {isa = PBXFileReference; lastKnownFileType = sourcecode.c.h; path = EDJListObject.h; sourceTree = "<group>"; };
		CDE1399D236C07F90057F78E /* EDJListObject.m */ = {isa = PBXFileReference; lastKnownFileType = sourcecode.c.objc; path = EDJListObject.m; sourceTree = "<group>"; };
		CDE139A8236C15A90057F78E /* EDJListObjects.h */ = {isa = PBXFileReference; lastKnownFileType = sourcecode.c.h; path = EDJListObjects.h; sourceTree = "<group>"; };
		CDE139A9236C15A90057F78E /* EDJListObjects.m */ = {isa = PBXFileReference; lastKnownFileType = sourcecode.c.objc; path = EDJListObjects.m; sourceTree = "<group>"; };
		CDE139AB236C16BE0057F78E /* EDJListHeaderFooterObject.h */ = {isa = PBXFileReference; lastKnownFileType = sourcecode.c.h; path = EDJListHeaderFooterObject.h; sourceTree = "<group>"; };
		CDE139AC236C16BE0057F78E /* EDJListHeaderFooterObject.m */ = {isa = PBXFileReference; lastKnownFileType = sourcecode.c.objc; path = EDJListHeaderFooterObject.m; sourceTree = "<group>"; };
		CDE139AE236C17210057F78E /* EDJListHeaderFooterView.h */ = {isa = PBXFileReference; lastKnownFileType = sourcecode.c.h; path = EDJListHeaderFooterView.h; sourceTree = "<group>"; };
		CDE139AF236C17210057F78E /* EDJListHeaderFooterView.m */ = {isa = PBXFileReference; lastKnownFileType = sourcecode.c.objc; path = EDJListHeaderFooterView.m; sourceTree = "<group>"; };
		CDE139B1236C18EE0057F78E /* EDJMultiListDatasource.h */ = {isa = PBXFileReference; lastKnownFileType = sourcecode.c.h; path = EDJMultiListDatasource.h; sourceTree = "<group>"; };
		CDE139B2236C18EE0057F78E /* EDJMultiListDatasource.m */ = {isa = PBXFileReference; lastKnownFileType = sourcecode.c.objc; path = EDJMultiListDatasource.m; sourceTree = "<group>"; };
		CDE88FB422B76089002BC71E /* UIApplication+NetComponents.h */ = {isa = PBXFileReference; lastKnownFileType = sourcecode.c.h; name = "UIApplication+NetComponents.h"; path = "../UIApplication+NetComponents.h"; sourceTree = "<group>"; };
		CDE88FB522B76089002BC71E /* UIApplication+NetComponents.m */ = {isa = PBXFileReference; lastKnownFileType = sourcecode.c.objc; name = "UIApplication+NetComponents.m"; path = "../UIApplication+NetComponents.m"; sourceTree = "<group>"; };
		CDE88FB722B762C2002BC71E /* NetComponents.h */ = {isa = PBXFileReference; lastKnownFileType = sourcecode.c.h; name = NetComponents.h; path = ../NetComponents.h; sourceTree = "<group>"; };
/* End PBXFileReference section */

/* Begin PBXFrameworksBuildPhase section */
		CDD5FCA221E0644700D72368 /* Frameworks */ = {
			isa = PBXFrameworksBuildPhase;
			buildActionMask = 2147483647;
			files = (
				CD4EA9B822A761990052FD9A /* Debugger.framework in Frameworks */,
				CDD45BC8221FC3A2001B5ECB /* WebKit.framework in Frameworks */,
				CD96099B22153E4500FED70A /* UIKit.framework in Frameworks */,
				CD96099922153E4000FED70A /* Foundation.framework in Frameworks */,
				CD96099722153E1B00FED70A /* CoreGraphics.framework in Frameworks */,
			);
			runOnlyForDeploymentPostprocessing = 0;
		};
		CDD5FCBA21E0644A00D72368 /* Frameworks */ = {
			isa = PBXFrameworksBuildPhase;
			buildActionMask = 2147483647;
			files = (
			);
			runOnlyForDeploymentPostprocessing = 0;
		};
		CDD5FCC521E0644A00D72368 /* Frameworks */ = {
			isa = PBXFrameworksBuildPhase;
			buildActionMask = 2147483647;
			files = (
			);
			runOnlyForDeploymentPostprocessing = 0;
		};
/* End PBXFrameworksBuildPhase section */

/* Begin PBXGroup section */
		CD01D18823683F28002D5250 /* order_support */ = {
			isa = PBXGroup;
			children = (
				CD01D18C23683F83002D5250 /* cell */,
				CD01D18A23683F83002D5250 /* EDJOrderDatasource.h */,
				CD01D18B23683F83002D5250 /* EDJOrderDatasource.m */,
				CD16A122228BDB71009C5FA6 /* EDJOrderView.h */,
				CD16A123228BDB71009C5FA6 /* EDJOrderView.m */,
				CD7CB814235D687500ED29AD /* EDJOrderLayout.h */,
				CD7CB815235D687500ED29AD /* EDJOrderLayout.m */,
				CD791EA82369910600EB8908 /* EDJBusinessView.h */,
				CD791EA92369910600EB8908 /* EDJBusinessView.m */,
			);
			path = order_support;
			sourceTree = "<group>";
		};
		CD01D18923683F83002D5250 /* ds */ = {
			isa = PBXGroup;
			children = (
				CD791EA02368498400EB8908 /* EDJCollectionDatasource.h */,
				CD791EA12368498400EB8908 /* EDJCollectionDatasource.m */,
			);
			path = ds;
			sourceTree = "<group>";
		};
		CD01D18C23683F83002D5250 /* cell */ = {
			isa = PBXGroup;
			children = (
				CD01D18E23683F83002D5250 /* EDJOrderViewCell.h */,
				CD01D18D23683F83002D5250 /* EDJOrderViewCell.m */,
				CD791EA323695A0000EB8908 /* EDJOrderItem.h */,
				CD791EA423695A0000EB8908 /* EDJOrderItem.m */,
			);
			path = cell;
			sourceTree = "<group>";
		};
		CD01D18F23683F83002D5250 /* layout */ = {
			isa = PBXGroup;
			children = (
				CD01D19023683F83002D5250 /* EDJLayoutItem.h */,
				CD01D19423683F83002D5250 /* EDJLayoutItem.m */,
				CD01D19123683F83002D5250 /* EDJLayout.h */,
				CD01D19323683F83002D5250 /* EDJLayout.m */,
				CD01D19223683F83002D5250 /* EDJLayoutItems.h */,
				CD01D19523683F83002D5250 /* EDJLayoutItems.m */,
			);
			path = layout;
			sourceTree = "<group>";
		};
		CD07A81B22D490E600E0DEB4 /* js */ = {
			isa = PBXGroup;
			children = (
				CD07A83622D5A65300E0DEB4 /* exports */,
			);
			path = js;
			sourceTree = "<group>";
		};
		CD07A83622D5A65300E0DEB4 /* exports */ = {
			isa = PBXGroup;
			children = (
				CD07A81E22D4912700E0DEB4 /* JSApplication.js */,
				CD07A82322D491D200E0DEB4 /* DeJavaScriptCore.h */,
				CD07A82422D491D200E0DEB4 /* DeJavaScriptCore.m */,
				CD6282B722D868C500EC608F /* DeAppWindow.h */,
				CD6282B822D868C500EC608F /* DeAppWindow.m */,
				CD07A84B22D5DEB900E0DEB4 /* JSValue+DeJSCore.h */,
				CD07A84C22D5DEB900E0DEB4 /* JSValue+DeJSCore.m */,
				CD6282BC22D88F7D00EC608F /* JSContext+DeJSCore.h */,
				CD6282BD22D88F7D00EC608F /* JSContext+DeJSCore.m */,
				CD6282C222D89BEB00EC608F /* DeLogger.h */,
				CD6282C322D89BEB00EC608F /* DeLogger.m */,
			);
			path = exports;
			sourceTree = "<group>";
		};
		CD16A11E228BDADD009C5FA6 /* collection */ = {
			isa = PBXGroup;
			children = (
				CD01D18923683F83002D5250 /* ds */,
				CD01D18F23683F83002D5250 /* layout */,
				CD01D18823683F28002D5250 /* order_support */,
			);
			path = collection;
			sourceTree = "<group>";
		};
		CD2F11712359957C001C602A /* main */ = {
			isa = PBXGroup;
			children = (
				CD62322C2359A71B00B569F9 /* order */,
				CD2F117B235996D7001C602A /* container */,
				CD2F117A235996C7001C602A /* base */,
			);
			path = main;
			sourceTree = "<group>";
		};
		CD2F117A235996C7001C602A /* base */ = {
			isa = PBXGroup;
			children = (
				CD2F1177235995C1001C602A /* EDJTouchView.h */,
				CD2F1178235995C1001C602A /* EDJTouchView.m */,
			);
			path = base;
			sourceTree = "<group>";
		};
		CD2F117B235996D7001C602A /* container */ = {
			isa = PBXGroup;
			children = (
				CD2F117C235996F8001C602A /* EDJOrderContainer.h */,
				CD2F117D235996F8001C602A /* EDJOrderContainer.m */,
				CD2F117F23599713001C602A /* EDJOrderContentView.h */,
				CD2F118023599713001C602A /* EDJOrderContentView.m */,
			);
			path = container;
			sourceTree = "<group>";
		};
		CD4D1A1222B9FECF003A89CA /* react */ = {
			isa = PBXGroup;
			children = (
				CD4D1A1822B9FEFB003A89CA /* UIControl+DeReact.h */,
				CD4D1A1922B9FEFB003A89CA /* UIControl+DeReact.m */,
			);
			path = react;
			sourceTree = "<group>";
		};
		CD4D1A2222BA08AD003A89CA /* vcs */ = {
			isa = PBXGroup;
			children = (
				CD6232272359983300B569F9 /* OrderViewController.h */,
				CD6232282359983300B569F9 /* OrderViewController.m */,
				CDD5FCAB21E0644700D72368 /* ViewController.h */,
				CDD5FCAC21E0644700D72368 /* ViewController.m */,
				CD4D1A1C22BA021D003A89CA /* TextFiledViewController.h */,
				CD4D1A1D22BA021D003A89CA /* TextFiledViewController.m */,
			);
			path = vcs;
			sourceTree = "<group>";
		};
		CD4D1A2522BA08B6003A89CA /* res */ = {
			isa = PBXGroup;
			children = (
				CD7E46362283FDFD00AC2784 /* test.xml */,
				CDD5FCB121E0644900D72368 /* Assets.xcassets */,
				CDD5FCB621E0644900D72368 /* Info.plist */,
				CDD5FCAE21E0644700D72368 /* Main.storyboard */,
				CDD5FCB321E0644900D72368 /* LaunchScreen.storyboard */,
				CD01D18323682B48002D5250 /* res.bundle */,
			);
			path = res;
			sourceTree = "<group>";
		};
		CD4D1A2622BA08C9003A89CA /* other */ = {
			isa = PBXGroup;
			children = (
				CDD5FCB721E0644900D72368 /* main.m */,
				CDD5FCA821E0644700D72368 /* AppDelegate.h */,
				CDD5FCA921E0644700D72368 /* AppDelegate.m */,
			);
			path = other;
			sourceTree = "<group>";
		};
		CD4EA9B022A7612B0052FD9A /* Products */ = {
			isa = PBXGroup;
			children = (
				CD4EA9B522A7612B0052FD9A /* Debugger.framework */,
				CD4EA9B722A7612B0052FD9A /* DebuggerTests.xctest */,
			);
			name = Products;
			sourceTree = "<group>";
		};
		CD62322C2359A71B00B569F9 /* order */ = {
			isa = PBXGroup;
			children = (
				CD62322D2359A8DC00B569F9 /* EDJOrderListView.h */,
				CD62322E2359A8DC00B569F9 /* EDJOrderListView.m */,
				CD6232302359A92A00B569F9 /* EDJOrderListContentView.h */,
				CD6232312359A92A00B569F9 /* EDJOrderListContentView.m */,
			);
			path = order;
			sourceTree = "<group>";
		};
		CD791EAD2369933200EB8908 /* extension */ = {
			isa = PBXGroup;
			children = (
				CD791EB623699A4A00EB8908 /* NSBundle+File.h */,
				CD791EB723699A4A00EB8908 /* NSBundle+File.m */,
				CD791EB923699B9200EB8908 /* NSData+Bundle.h */,
				CD791EBA23699B9200EB8908 /* NSData+Bundle.m */,
				CD791EAE2369935600EB8908 /* NSObject+EDJTransformable.h */,
				CD791EAF2369935600EB8908 /* NSObject+EDJTransformable.m */,
				CD791EB12369936000EB8908 /* NSArray+GenericMath.h */,
				CD791EB22369936000EB8908 /* NSArray+GenericMath.m */,
			);
			path = extension;
			sourceTree = "<group>";
		};
		CD7CB819235D91B000ED29AD /* toast */ = {
			isa = PBXGroup;
			children = (
				CD7CB828235D9C7700ED29AD /* EDJToastContentView.h */,
				CD7CB82B235D9C7800ED29AD /* EDJToastContentView.m */,
				CD7CB826235D9C7700ED29AD /* EDJToastTipsView.h */,
				CD7CB827235D9C7700ED29AD /* EDJToastTipsView.m */,
				CD7CB829235D9C7800ED29AD /* EDJToastTitleView.h */,
				CD7CB82A235D9C7800ED29AD /* EDJToastTitleView.m */,
			);
			path = toast;
			sourceTree = "<group>";
		};
		CD96099522153E1B00FED70A /* Frameworks */ = {
			isa = PBXGroup;
			children = (
				CDD45BC7221FC3A2001B5ECB /* WebKit.framework */,
				CD96099A22153E4500FED70A /* UIKit.framework */,
				CD96099822153E4000FED70A /* Foundation.framework */,
				CD96099622153E1B00FED70A /* CoreGraphics.framework */,
			);
			name = Frameworks;
			sourceTree = "<group>";
		};
		CDBD4D2222BA295800DF1911 /* frame */ = {
			isa = PBXGroup;
			children = (
				CDBD4D2322BA297000DF1911 /* UIView+DeFrame.h */,
				CDBD4D2422BA297000DF1911 /* UIView+DeFrame.m */,
			);
			path = frame;
			sourceTree = "<group>";
		};
		CDD5FC9C21E0644700D72368 = {
			isa = PBXGroup;
			children = (
				CDD5FCA721E0644700D72368 /* Demo */,
				CDD5FCC021E0644A00D72368 /* DemoTests */,
				CDD5FCCB21E0644A00D72368 /* DemoUITests */,
				CDD5FCA621E0644700D72368 /* Products */,
				CD96099522153E1B00FED70A /* Frameworks */,
			);
			sourceTree = "<group>";
		};
		CDD5FCA621E0644700D72368 /* Products */ = {
			isa = PBXGroup;
			children = (
				CDD5FCA521E0644700D72368 /* Demo.app */,
				CDD5FCBD21E0644A00D72368 /* DemoTests.xctest */,
				CDD5FCC821E0644A00D72368 /* DemoUITests.xctest */,
			);
			name = Products;
			sourceTree = "<group>";
		};
		CDD5FCA721E0644700D72368 /* Demo */ = {
			isa = PBXGroup;
			children = (
				CD4EA9AF22A7612B0052FD9A /* Debugger.xcodeproj */,
				CD7CB819235D91B000ED29AD /* toast */,
				CD07A81B22D490E600E0DEB4 /* js */,
				CD4D1A2622BA08C9003A89CA /* other */,
				CD4D1A2522BA08B6003A89CA /* res */,
				CD4D1A2222BA08AD003A89CA /* vcs */,
				CD4D1A1222B9FECF003A89CA /* react */,
				CDE88FB122B76068002BC71E /* components */,
				CDBD4D2622BA2C4000DF1911 /* PrefixHeader.pch */,
				CD791EAD2369933200EB8908 /* extension */,
				CDE13998236C06440057F78E /* list */,
				CD16A11E228BDADD009C5FA6 /* collection */,
				CD2F11712359957C001C602A /* main */,
			);
			path = Demo;
			sourceTree = "<group>";
		};
		CDD5FCC021E0644A00D72368 /* DemoTests */ = {
			isa = PBXGroup;
			children = (
				CDD5FCC121E0644A00D72368 /* DemoTests.m */,
				CDD5FCC321E0644A00D72368 /* Info.plist */,
			);
			path = DemoTests;
			sourceTree = "<group>";
		};
		CDD5FCCB21E0644A00D72368 /* DemoUITests */ = {
			isa = PBXGroup;
			children = (
				CDD5FCCC21E0644A00D72368 /* DemoUITests.m */,
				CDD5FCCE21E0644A00D72368 /* Info.plist */,
			);
			path = DemoUITests;
			sourceTree = "<group>";
		};
		CDE13998236C06440057F78E /* list */ = {
			isa = PBXGroup;
			children = (
				CDE139A1236C14B50057F78E /* object */,
				CDE139A0236C149A0057F78E /* cell */,
				CDE1399F236C14920057F78E /* ds */,
				CDE13995236C05AC0057F78E /* EDJTableListView.h */,
				CDE13996236C05AC0057F78E /* EDJTableListView.m */,
			);
			path = list;
			sourceTree = "<group>";
		};
		CDE1399F236C14920057F78E /* ds */ = {
			isa = PBXGroup;
			children = (
				CDE13990236C03D00057F78E /* EDJSingleListDatasource.h */,
				CDE13991236C03D00057F78E /* EDJSingleListDatasource.m */,
				CDE139B1236C18EE0057F78E /* EDJMultiListDatasource.h */,
				CDE139B2236C18EE0057F78E /* EDJMultiListDatasource.m */,
			);
			path = ds;
			sourceTree = "<group>";
		};
		CDE139A0236C149A0057F78E /* cell */ = {
			isa = PBXGroup;
			children = (
				CDE13999236C070B0057F78E /* EDJListViewCell.h */,
				CDE1399A236C070B0057F78E /* EDJListViewCell.m */,
				CDE139AE236C17210057F78E /* EDJListHeaderFooterView.h */,
				CDE139AF236C17210057F78E /* EDJListHeaderFooterView.m */,
			);
			path = cell;
			sourceTree = "<group>";
		};
		CDE139A1236C14B50057F78E /* object */ = {
			isa = PBXGroup;
			children = (
				CDE1399C236C07F90057F78E /* EDJListObject.h */,
				CDE1399D236C07F90057F78E /* EDJListObject.m */,
				CDE139A8236C15A90057F78E /* EDJListObjects.h */,
				CDE139A9236C15A90057F78E /* EDJListObjects.m */,
				CDE139AB236C16BE0057F78E /* EDJListHeaderFooterObject.h */,
				CDE139AC236C16BE0057F78E /* EDJListHeaderFooterObject.m */,
			);
			path = object;
			sourceTree = "<group>";
		};
		CDE88FB122B76068002BC71E /* components */ = {
			isa = PBXGroup;
			children = (
				CDBD4D2222BA295800DF1911 /* frame */,
				CDE88FB822B765E9002BC71E /* net */,
			);
			path = components;
			sourceTree = "<group>";
		};
		CDE88FB822B765E9002BC71E /* net */ = {
			isa = PBXGroup;
			children = (
				CDE88FB722B762C2002BC71E /* NetComponents.h */,
				CDE88FB422B76089002BC71E /* UIApplication+NetComponents.h */,
				CDE88FB522B76089002BC71E /* UIApplication+NetComponents.m */,
			);
			path = net;
			sourceTree = "<group>";
		};
/* End PBXGroup section */

/* Begin PBXNativeTarget section */
		CDD5FCA421E0644700D72368 /* Demo */ = {
			isa = PBXNativeTarget;
			buildConfigurationList = CDD5FCD121E0644A00D72368 /* Build configuration list for PBXNativeTarget "Demo" */;
			buildPhases = (
				CDD5FCA121E0644700D72368 /* Sources */,
				CDD5FCA221E0644700D72368 /* Frameworks */,
				CDD5FCA321E0644700D72368 /* Resources */,
			);
			buildRules = (
			);
			dependencies = (
			);
			name = Demo;
			productName = Demo;
			productReference = CDD5FCA521E0644700D72368 /* Demo.app */;
			productType = "com.apple.product-type.application";
		};
		CDD5FCBC21E0644A00D72368 /* DemoTests */ = {
			isa = PBXNativeTarget;
			buildConfigurationList = CDD5FCD421E0644A00D72368 /* Build configuration list for PBXNativeTarget "DemoTests" */;
			buildPhases = (
				CDD5FCB921E0644A00D72368 /* Sources */,
				CDD5FCBA21E0644A00D72368 /* Frameworks */,
				CDD5FCBB21E0644A00D72368 /* Resources */,
			);
			buildRules = (
			);
			dependencies = (
				CDD5FCBF21E0644A00D72368 /* PBXTargetDependency */,
			);
			name = DemoTests;
			productName = DemoTests;
			productReference = CDD5FCBD21E0644A00D72368 /* DemoTests.xctest */;
			productType = "com.apple.product-type.bundle.unit-test";
		};
		CDD5FCC721E0644A00D72368 /* DemoUITests */ = {
			isa = PBXNativeTarget;
			buildConfigurationList = CDD5FCD721E0644A00D72368 /* Build configuration list for PBXNativeTarget "DemoUITests" */;
			buildPhases = (
				CDD5FCC421E0644A00D72368 /* Sources */,
				CDD5FCC521E0644A00D72368 /* Frameworks */,
				CDD5FCC621E0644A00D72368 /* Resources */,
			);
			buildRules = (
			);
			dependencies = (
				CDD5FCCA21E0644A00D72368 /* PBXTargetDependency */,
			);
			name = DemoUITests;
			productName = DemoUITests;
			productReference = CDD5FCC821E0644A00D72368 /* DemoUITests.xctest */;
			productType = "com.apple.product-type.bundle.ui-testing";
		};
/* End PBXNativeTarget section */

/* Begin PBXProject section */
		CDD5FC9D21E0644700D72368 /* Project object */ = {
			isa = PBXProject;
			attributes = {
				LastUpgradeCheck = 1010;
				ORGANIZATIONNAME = liu;
				TargetAttributes = {
					CDD5FCA421E0644700D72368 = {
						CreatedOnToolsVersion = 10.1;
					};
					CDD5FCBC21E0644A00D72368 = {
						CreatedOnToolsVersion = 10.1;
						TestTargetID = CDD5FCA421E0644700D72368;
					};
					CDD5FCC721E0644A00D72368 = {
						CreatedOnToolsVersion = 10.1;
						TestTargetID = CDD5FCA421E0644700D72368;
					};
				};
			};
			buildConfigurationList = CDD5FCA021E0644700D72368 /* Build configuration list for PBXProject "Demo" */;
			compatibilityVersion = "Xcode 9.3";
			developmentRegion = en;
			hasScannedForEncodings = 0;
			knownRegions = (
				en,
				Base,
			);
			mainGroup = CDD5FC9C21E0644700D72368;
			productRefGroup = CDD5FCA621E0644700D72368 /* Products */;
			projectDirPath = "";
			projectReferences = (
				{
					ProductGroup = CD4EA9B022A7612B0052FD9A /* Products */;
					ProjectRef = CD4EA9AF22A7612B0052FD9A /* Debugger.xcodeproj */;
				},
			);
			projectRoot = "";
			targets = (
				CDD5FCA421E0644700D72368 /* Demo */,
				CDD5FCBC21E0644A00D72368 /* DemoTests */,
				CDD5FCC721E0644A00D72368 /* DemoUITests */,
			);
		};
/* End PBXProject section */

/* Begin PBXReferenceProxy section */
		CD4EA9B522A7612B0052FD9A /* Debugger.framework */ = {
			isa = PBXReferenceProxy;
			fileType = wrapper.framework;
			path = Debugger.framework;
			remoteRef = CD4EA9B422A7612B0052FD9A /* PBXContainerItemProxy */;
			sourceTree = BUILT_PRODUCTS_DIR;
		};
		CD4EA9B722A7612B0052FD9A /* DebuggerTests.xctest */ = {
			isa = PBXReferenceProxy;
			fileType = wrapper.cfbundle;
			path = DebuggerTests.xctest;
			remoteRef = CD4EA9B622A7612B0052FD9A /* PBXContainerItemProxy */;
			sourceTree = BUILT_PRODUCTS_DIR;
		};
/* End PBXReferenceProxy section */

/* Begin PBXResourcesBuildPhase section */
		CDD5FCA321E0644700D72368 /* Resources */ = {
			isa = PBXResourcesBuildPhase;
			buildActionMask = 2147483647;
			files = (
				CDD5FCB521E0644900D72368 /* LaunchScreen.storyboard in Resources */,
				CDD5FCB221E0644900D72368 /* Assets.xcassets in Resources */,
				CDD5FCB021E0644700D72368 /* Main.storyboard in Resources */,
				CD7E46372283FDFD00AC2784 /* test.xml in Resources */,
				CD01D18423682B48002D5250 /* res.bundle in Resources */,
				CD07A81F22D4912700E0DEB4 /* JSApplication.js in Resources */,
			);
			runOnlyForDeploymentPostprocessing = 0;
		};
		CDD5FCBB21E0644A00D72368 /* Resources */ = {
			isa = PBXResourcesBuildPhase;
			buildActionMask = 2147483647;
			files = (
			);
			runOnlyForDeploymentPostprocessing = 0;
		};
		CDD5FCC621E0644A00D72368 /* Resources */ = {
			isa = PBXResourcesBuildPhase;
			buildActionMask = 2147483647;
			files = (
			);
			runOnlyForDeploymentPostprocessing = 0;
		};
/* End PBXResourcesBuildPhase section */

/* Begin PBXSourcesBuildPhase section */
		CDD5FCA121E0644700D72368 /* Sources */ = {
			isa = PBXSourcesBuildPhase;
			buildActionMask = 2147483647;
			files = (
				CD791EBB23699B9200EB8908 /* NSData+Bundle.m in Sources */,
				CDE13992236C03D00057F78E /* EDJSingleListDatasource.m in Sources */,
				CD4D1A1E22BA021D003A89CA /* TextFiledViewController.m in Sources */,
				CDD5FCAD21E0644700D72368 /* ViewController.m in Sources */,
				CDD5FCB821E0644900D72368 /* main.m in Sources */,
				CD62322F2359A8DC00B569F9 /* EDJOrderListView.m in Sources */,
				CD6232322359A92B00B569F9 /* EDJOrderListContentView.m in Sources */,
				CDE139B3236C18EE0057F78E /* EDJMultiListDatasource.m in Sources */,
				CD07A84D22D5DEB900E0DEB4 /* JSValue+DeJSCore.m in Sources */,
				CD07A82522D491D200E0DEB4 /* DeJavaScriptCore.m in Sources */,
				CD791EB32369936000EB8908 /* NSArray+GenericMath.m in Sources */,
				CD7CB82D235D9C7800ED29AD /* EDJToastTitleView.m in Sources */,
				CD6232292359983300B569F9 /* OrderViewController.m in Sources */,
				CD791EA22368498400EB8908 /* EDJCollectionDatasource.m in Sources */,
				CD01D19623683F83002D5250 /* EDJOrderDatasource.m in Sources */,
				CD2F118123599713001C602A /* EDJOrderContentView.m in Sources */,
				CD2F117E235996F8001C602A /* EDJOrderContainer.m in Sources */,
				CD01D19A23683F83002D5250 /* EDJLayoutItems.m in Sources */,
				CD7CB816235D687500ED29AD /* EDJOrderLayout.m in Sources */,
				CD01D19923683F83002D5250 /* EDJLayoutItem.m in Sources */,
				CD4D1A1A22B9FEFB003A89CA /* UIControl+DeReact.m in Sources */,
				CDE139B0236C17210057F78E /* EDJListHeaderFooterView.m in Sources */,
				CD7CB82C235D9C7800ED29AD /* EDJToastTipsView.m in Sources */,
				CD7CB82E235D9C7800ED29AD /* EDJToastContentView.m in Sources */,
				CD791EB823699A4A00EB8908 /* NSBundle+File.m in Sources */,
				CD6282B922D868C500EC608F /* DeAppWindow.m in Sources */,
				CDE13997236C05AC0057F78E /* EDJTableListView.m in Sources */,
				CD16A124228BDB71009C5FA6 /* EDJOrderView.m in Sources */,
				CD6282C422D89BEB00EC608F /* DeLogger.m in Sources */,
				CDD5FCAA21E0644700D72368 /* AppDelegate.m in Sources */,
				CDE139AA236C15A90057F78E /* EDJListObjects.m in Sources */,
				CDE1399B236C070B0057F78E /* EDJListViewCell.m in Sources */,
				CD01D19723683F83002D5250 /* EDJOrderViewCell.m in Sources */,
				CDE88FB622B76089002BC71E /* UIApplication+NetComponents.m in Sources */,
				CD6282BE22D88F7D00EC608F /* JSContext+DeJSCore.m in Sources */,
				CD2F1179235995C1001C602A /* EDJTouchView.m in Sources */,
				CDE1399E236C07F90057F78E /* EDJListObject.m in Sources */,
				CD791EAA2369910600EB8908 /* EDJBusinessView.m in Sources */,
				CD791EB02369935600EB8908 /* NSObject+EDJTransformable.m in Sources */,
				CDE139AD236C16BE0057F78E /* EDJListHeaderFooterObject.m in Sources */,
				CD791EA523695A0000EB8908 /* EDJOrderItem.m in Sources */,
				CDBD4D2522BA297000DF1911 /* UIView+DeFrame.m in Sources */,
				CD01D19823683F83002D5250 /* EDJLayout.m in Sources */,
			);
			runOnlyForDeploymentPostprocessing = 0;
		};
		CDD5FCB921E0644A00D72368 /* Sources */ = {
			isa = PBXSourcesBuildPhase;
			buildActionMask = 2147483647;
			files = (
				CDD5FCC221E0644A00D72368 /* DemoTests.m in Sources */,
			);
			runOnlyForDeploymentPostprocessing = 0;
		};
		CDD5FCC421E0644A00D72368 /* Sources */ = {
			isa = PBXSourcesBuildPhase;
			buildActionMask = 2147483647;
			files = (
				CDD5FCCD21E0644A00D72368 /* DemoUITests.m in Sources */,
			);
			runOnlyForDeploymentPostprocessing = 0;
		};
/* End PBXSourcesBuildPhase section */

/* Begin PBXTargetDependency section */
		CDD5FCBF21E0644A00D72368 /* PBXTargetDependency */ = {
			isa = PBXTargetDependency;
			target = CDD5FCA421E0644700D72368 /* Demo */;
			targetProxy = CDD5FCBE21E0644A00D72368 /* PBXContainerItemProxy */;
		};
		CDD5FCCA21E0644A00D72368 /* PBXTargetDependency */ = {
			isa = PBXTargetDependency;
			target = CDD5FCA421E0644700D72368 /* Demo */;
			targetProxy = CDD5FCC921E0644A00D72368 /* PBXContainerItemProxy */;
		};
/* End PBXTargetDependency section */

/* Begin PBXVariantGroup section */
		CDD5FCAE21E0644700D72368 /* Main.storyboard */ = {
			isa = PBXVariantGroup;
			children = (
				CDD5FCAF21E0644700D72368 /* Base */,
			);
			name = Main.storyboard;
			sourceTree = "<group>";
		};
		CDD5FCB321E0644900D72368 /* LaunchScreen.storyboard */ = {
			isa = PBXVariantGroup;
			children = (
				CDD5FCB421E0644900D72368 /* Base */,
			);
			name = LaunchScreen.storyboard;
			sourceTree = "<group>";
		};
/* End PBXVariantGroup section */

/* Begin XCBuildConfiguration section */
		CDD5FCCF21E0644A00D72368 /* Debug */ = {
			isa = XCBuildConfiguration;
			buildSettings = {
				ALWAYS_SEARCH_USER_PATHS = NO;
				CLANG_ANALYZER_NONNULL = YES;
				CLANG_ANALYZER_NUMBER_OBJECT_CONVERSION = YES_AGGRESSIVE;
				CLANG_CXX_LANGUAGE_STANDARD = "gnu++14";
				CLANG_CXX_LIBRARY = "libc++";
				CLANG_ENABLE_MODULES = YES;
				CLANG_ENABLE_OBJC_ARC = YES;
				CLANG_ENABLE_OBJC_WEAK = YES;
				CLANG_WARN_BLOCK_CAPTURE_AUTORELEASING = YES;
				CLANG_WARN_BOOL_CONVERSION = YES;
				CLANG_WARN_COMMA = YES;
				CLANG_WARN_CONSTANT_CONVERSION = YES;
				CLANG_WARN_DEPRECATED_OBJC_IMPLEMENTATIONS = YES;
				CLANG_WARN_DIRECT_OBJC_ISA_USAGE = YES_ERROR;
				CLANG_WARN_DOCUMENTATION_COMMENTS = YES;
				CLANG_WARN_EMPTY_BODY = YES;
				CLANG_WARN_ENUM_CONVERSION = YES;
				CLANG_WARN_INFINITE_RECURSION = YES;
				CLANG_WARN_INT_CONVERSION = YES;
				CLANG_WARN_NON_LITERAL_NULL_CONVERSION = YES;
				CLANG_WARN_OBJC_IMPLICIT_RETAIN_SELF = YES;
				CLANG_WARN_OBJC_LITERAL_CONVERSION = YES;
				CLANG_WARN_OBJC_ROOT_CLASS = YES_ERROR;
				CLANG_WARN_RANGE_LOOP_ANALYSIS = YES;
				CLANG_WARN_STRICT_PROTOTYPES = YES;
				CLANG_WARN_SUSPICIOUS_MOVE = YES;
				CLANG_WARN_UNGUARDED_AVAILABILITY = YES_AGGRESSIVE;
				CLANG_WARN_UNREACHABLE_CODE = YES;
				CLANG_WARN__DUPLICATE_METHOD_MATCH = YES;
				CODE_SIGN_IDENTITY = "iPhone Developer";
				COPY_PHASE_STRIP = NO;
				DEBUG_INFORMATION_FORMAT = dwarf;
				ENABLE_STRICT_OBJC_MSGSEND = YES;
				ENABLE_TESTABILITY = YES;
				GCC_C_LANGUAGE_STANDARD = gnu11;
				GCC_DYNAMIC_NO_PIC = NO;
				GCC_NO_COMMON_BLOCKS = YES;
				GCC_OPTIMIZATION_LEVEL = 0;
				GCC_PREPROCESSOR_DEFINITIONS = (
					"DEBUG=1",
					"$(inherited)",
				);
				GCC_WARN_64_TO_32_BIT_CONVERSION = YES;
				GCC_WARN_ABOUT_RETURN_TYPE = YES_ERROR;
				GCC_WARN_UNDECLARED_SELECTOR = YES;
				GCC_WARN_UNINITIALIZED_AUTOS = YES_AGGRESSIVE;
				GCC_WARN_UNUSED_FUNCTION = YES;
				GCC_WARN_UNUSED_VARIABLE = YES;
				IPHONEOS_DEPLOYMENT_TARGET = 12.1;
				MTL_ENABLE_DEBUG_INFO = INCLUDE_SOURCE;
				MTL_FAST_MATH = YES;
				ONLY_ACTIVE_ARCH = YES;
				SDKROOT = iphoneos;
			};
			name = Debug;
		};
		CDD5FCD021E0644A00D72368 /* Release */ = {
			isa = XCBuildConfiguration;
			buildSettings = {
				ALWAYS_SEARCH_USER_PATHS = NO;
				CLANG_ANALYZER_NONNULL = YES;
				CLANG_ANALYZER_NUMBER_OBJECT_CONVERSION = YES_AGGRESSIVE;
				CLANG_CXX_LANGUAGE_STANDARD = "gnu++14";
				CLANG_CXX_LIBRARY = "libc++";
				CLANG_ENABLE_MODULES = YES;
				CLANG_ENABLE_OBJC_ARC = YES;
				CLANG_ENABLE_OBJC_WEAK = YES;
				CLANG_WARN_BLOCK_CAPTURE_AUTORELEASING = YES;
				CLANG_WARN_BOOL_CONVERSION = YES;
				CLANG_WARN_COMMA = YES;
				CLANG_WARN_CONSTANT_CONVERSION = YES;
				CLANG_WARN_DEPRECATED_OBJC_IMPLEMENTATIONS = YES;
				CLANG_WARN_DIRECT_OBJC_ISA_USAGE = YES_ERROR;
				CLANG_WARN_DOCUMENTATION_COMMENTS = YES;
				CLANG_WARN_EMPTY_BODY = YES;
				CLANG_WARN_ENUM_CONVERSION = YES;
				CLANG_WARN_INFINITE_RECURSION = YES;
				CLANG_WARN_INT_CONVERSION = YES;
				CLANG_WARN_NON_LITERAL_NULL_CONVERSION = YES;
				CLANG_WARN_OBJC_IMPLICIT_RETAIN_SELF = YES;
				CLANG_WARN_OBJC_LITERAL_CONVERSION = YES;
				CLANG_WARN_OBJC_ROOT_CLASS = YES_ERROR;
				CLANG_WARN_RANGE_LOOP_ANALYSIS = YES;
				CLANG_WARN_STRICT_PROTOTYPES = YES;
				CLANG_WARN_SUSPICIOUS_MOVE = YES;
				CLANG_WARN_UNGUARDED_AVAILABILITY = YES_AGGRESSIVE;
				CLANG_WARN_UNREACHABLE_CODE = YES;
				CLANG_WARN__DUPLICATE_METHOD_MATCH = YES;
				CODE_SIGN_IDENTITY = "iPhone Developer";
				COPY_PHASE_STRIP = NO;
				DEBUG_INFORMATION_FORMAT = "dwarf-with-dsym";
				ENABLE_NS_ASSERTIONS = NO;
				ENABLE_STRICT_OBJC_MSGSEND = YES;
				GCC_C_LANGUAGE_STANDARD = gnu11;
				GCC_NO_COMMON_BLOCKS = YES;
				GCC_WARN_64_TO_32_BIT_CONVERSION = YES;
				GCC_WARN_ABOUT_RETURN_TYPE = YES_ERROR;
				GCC_WARN_UNDECLARED_SELECTOR = YES;
				GCC_WARN_UNINITIALIZED_AUTOS = YES_AGGRESSIVE;
				GCC_WARN_UNUSED_FUNCTION = YES;
				GCC_WARN_UNUSED_VARIABLE = YES;
				IPHONEOS_DEPLOYMENT_TARGET = 12.1;
				MTL_ENABLE_DEBUG_INFO = NO;
				MTL_FAST_MATH = YES;
				SDKROOT = iphoneos;
				VALIDATE_PRODUCT = YES;
			};
			name = Release;
		};
		CDD5FCD221E0644A00D72368 /* Debug */ = {
			isa = XCBuildConfiguration;
			buildSettings = {
				ASSETCATALOG_COMPILER_APPICON_NAME = AppIcon;
				ASSETCATALOG_COMPILER_LAUNCHIMAGE_NAME = "";
				CODE_SIGN_STYLE = Manual;
				DEVELOPMENT_TEAM = 36NQVYW7H2;
				GCC_PRECOMPILE_PREFIX_HEADER = YES;
				GCC_PREFIX_HEADER = Demo/PrefixHeader.pch;
				INFOPLIST_FILE = Demo/res/Info.plist;
				IPHONEOS_DEPLOYMENT_TARGET = 8.0;
				LD_RUNPATH_SEARCH_PATHS = (
					"$(inherited)",
					"@executable_path/Frameworks",
				);
				OTHER_LDFLAGS = "-ObjC";
				PRODUCT_BUNDLE_IDENTIFIER = com.edaijia.enterprise;
				PRODUCT_NAME = "$(TARGET_NAME)";
				PROVISIONING_PROFILE_SPECIFIER = edaijia_enterprise_develop;
				TARGETED_DEVICE_FAMILY = 1;
			};
			name = Debug;
		};
		CDD5FCD321E0644A00D72368 /* Release */ = {
			isa = XCBuildConfiguration;
			buildSettings = {
				ASSETCATALOG_COMPILER_APPICON_NAME = AppIcon;
				ASSETCATALOG_COMPILER_LAUNCHIMAGE_NAME = "";
				CODE_SIGN_IDENTITY = "iPhone Distribution";
				CODE_SIGN_STYLE = Manual;
				DEVELOPMENT_TEAM = 36NQVYW7H2;
				GCC_PRECOMPILE_PREFIX_HEADER = YES;
				GCC_PREFIX_HEADER = Demo/PrefixHeader.pch;
				INFOPLIST_FILE = Demo/res/Info.plist;
				IPHONEOS_DEPLOYMENT_TARGET = 8.0;
				LD_RUNPATH_SEARCH_PATHS = (
					"$(inherited)",
					"@executable_path/Frameworks",
				);
				OTHER_LDFLAGS = "-ObjC";
				PRODUCT_BUNDLE_IDENTIFIER = com.edaijia.develop;
				PRODUCT_NAME = "$(TARGET_NAME)";
				PROVISIONING_PROFILE_SPECIFIER = "wide-distribute";
				TARGETED_DEVICE_FAMILY = 1;
			};
			name = Release;
		};
		CDD5FCD521E0644A00D72368 /* Debug */ = {
			isa = XCBuildConfiguration;
			buildSettings = {
				BUNDLE_LOADER = "$(TEST_HOST)";
				CODE_SIGN_STYLE = Automatic;
				INFOPLIST_FILE = DemoTests/Info.plist;
				LD_RUNPATH_SEARCH_PATHS = (
					"$(inherited)",
					"@executable_path/Frameworks",
					"@loader_path/Frameworks",
				);
				PRODUCT_BUNDLE_IDENTIFIER = com.edaijia.DemoTests;
				PRODUCT_NAME = "$(TARGET_NAME)";
				TARGETED_DEVICE_FAMILY = "1,2";
				TEST_HOST = "$(BUILT_PRODUCTS_DIR)/Demo.app/Demo";
			};
			name = Debug;
		};
		CDD5FCD621E0644A00D72368 /* Release */ = {
			isa = XCBuildConfiguration;
			buildSettings = {
				BUNDLE_LOADER = "$(TEST_HOST)";
				CODE_SIGN_STYLE = Automatic;
				INFOPLIST_FILE = DemoTests/Info.plist;
				LD_RUNPATH_SEARCH_PATHS = (
					"$(inherited)",
					"@executable_path/Frameworks",
					"@loader_path/Frameworks",
				);
				PRODUCT_BUNDLE_IDENTIFIER = com.edaijia.DemoTests;
				PRODUCT_NAME = "$(TARGET_NAME)";
				TARGETED_DEVICE_FAMILY = "1,2";
				TEST_HOST = "$(BUILT_PRODUCTS_DIR)/Demo.app/Demo";
			};
			name = Release;
		};
		CDD5FCD821E0644A00D72368 /* Debug */ = {
			isa = XCBuildConfiguration;
			buildSettings = {
				CODE_SIGN_STYLE = Automatic;
				INFOPLIST_FILE = DemoUITests/Info.plist;
				LD_RUNPATH_SEARCH_PATHS = (
					"$(inherited)",
					"@executable_path/Frameworks",
					"@loader_path/Frameworks",
				);
				PRODUCT_BUNDLE_IDENTIFIER = com.edaijia.DemoUITests;
				PRODUCT_NAME = "$(TARGET_NAME)";
				TARGETED_DEVICE_FAMILY = "1,2";
				TEST_TARGET_NAME = Demo;
			};
			name = Debug;
		};
		CDD5FCD921E0644A00D72368 /* Release */ = {
			isa = XCBuildConfiguration;
			buildSettings = {
				CODE_SIGN_STYLE = Automatic;
				INFOPLIST_FILE = DemoUITests/Info.plist;
				LD_RUNPATH_SEARCH_PATHS = (
					"$(inherited)",
					"@executable_path/Frameworks",
					"@loader_path/Frameworks",
				);
				PRODUCT_BUNDLE_IDENTIFIER = com.edaijia.DemoUITests;
				PRODUCT_NAME = "$(TARGET_NAME)";
				TARGETED_DEVICE_FAMILY = "1,2";
				TEST_TARGET_NAME = Demo;
			};
			name = Release;
		};
/* End XCBuildConfiguration section */

/* Begin XCConfigurationList section */
		CDD5FCA021E0644700D72368 /* Build configuration list for PBXProject "Demo" */ = {
			isa = XCConfigurationList;
			buildConfigurations = (
				CDD5FCCF21E0644A00D72368 /* Debug */,
				CDD5FCD021E0644A00D72368 /* Release */,
			);
			defaultConfigurationIsVisible = 0;
			defaultConfigurationName = Release;
		};
		CDD5FCD121E0644A00D72368 /* Build configuration list for PBXNativeTarget "Demo" */ = {
			isa = XCConfigurationList;
			buildConfigurations = (
				CDD5FCD221E0644A00D72368 /* Debug */,
				CDD5FCD321E0644A00D72368 /* Release */,
			);
			defaultConfigurationIsVisible = 0;
			defaultConfigurationName = Release;
		};
		CDD5FCD421E0644A00D72368 /* Build configuration list for PBXNativeTarget "DemoTests" */ = {
			isa = XCConfigurationList;
			buildConfigurations = (
				CDD5FCD521E0644A00D72368 /* Debug */,
				CDD5FCD621E0644A00D72368 /* Release */,
			);
			defaultConfigurationIsVisible = 0;
			defaultConfigurationName = Release;
		};
		CDD5FCD721E0644A00D72368 /* Build configuration list for PBXNativeTarget "DemoUITests" */ = {
			isa = XCConfigurationList;
			buildConfigurations = (
				CDD5FCD821E0644A00D72368 /* Debug */,
				CDD5FCD921E0644A00D72368 /* Release */,
			);
			defaultConfigurationIsVisible = 0;
			defaultConfigurationName = Release;
		};
/* End XCConfigurationList section */
	};
	rootObject = CDD5FC9D21E0644700D72368 /* Project object */;
}
